
Microsoft Visual Studio Solution File, Format Version 12.00
# Visual Studio Version 16
VisualStudioVersion = 16.0.29230.47
MinimumVisualStudioVersion = 10.0.40219.1
Project("{FAE04EC0-301F-11D3-BF4B-00C04F79EFBC}") = "AnandWeb1", "AnandWeb1.csproj", "{256CD48F-3BA3-4574-B335-21A052F1E4D3}"
EndProject
Global
	GlobalSection(SolutionConfigurationPlatforms) = preSolution
		Debug|Any CPU = Debug|Any CPU
		Release|Any CPU = Release|Any CPU
	EndGlobalSection
	GlobalSection(ProjectConfigurationPlatforms) = postSolution
		{256CD48F-3BA3-4574-B335-21A052F1E4D3}.Debug|Any CPU.ActiveCfg = Debug|Any CPU
		{256CD48F-3BA3-4574-B335-21A052F1E4D3}.Debug|Any CPU.Build.0 = Debug|Any CPU
		{256CD48F-3BA3-4574-B335-21A052F1E4D3}.Release|Any CPU.ActiveCfg = Release|Any CPU
		{256CD48F-3BA3-4574-B335-21A052F1E4D3}.Release|Any CPU.Build.0 = Release|Any CPU
	EndGlobalSection
	GlobalSection(SolutionProperties) = preSolution
		HideSolutionNode = FALSE
	EndGlobalSection
	GlobalSection(ExtensibilityGlobals) = postSolution
		SolutionGuid = {45EBFCAD-9284-4B16-AA69-BF2D896CE2A0}
	EndGlobalSection
EndGlobal
